
Microsoft Visual Studio Solution File, Format Version 12.00
# Visual Studio Version 17
VisualStudioVersion = 17.2.32616.157
MinimumVisualStudioVersion = 10.0.40219.1
Project("{FAE04EC0-301F-11D3-BF4B-00C04F79EFBC}") = "MySQLOnline", "MySQLOnline\MySQLOnline.csproj", "{2D3B12B5-1CD1-4356-BD9B-94988841204D}"
EndProject
Global
	GlobalSection(SolutionConfigurationPlatforms) = preSolution
		Debug|Any CPU = Debug|Any CPU
		Release|Any CPU = Release|Any CPU
	EndGlobalSection
	GlobalSection(ProjectConfigurationPlatforms) = postSolution
		{2D3B12B5-1CD1-4356-BD9B-94988841204D}.Debug|Any CPU.ActiveCfg = Debug|Any CPU
		{2D3B12B5-1CD1-4356-BD9B-94988841204D}.Debug|Any CPU.Build.0 = Debug|Any CPU
		{2D3B12B5-1CD1-4356-BD9B-94988841204D}.Release|Any CPU.ActiveCfg = Release|Any CPU
		{2D3B12B5-1CD1-4356-BD9B-94988841204D}.Release|Any CPU.Build.0 = Release|Any CPU
	EndGlobalSection
	GlobalSection(SolutionProperties) = preSolution
		HideSolutionNode = FALSE
	EndGlobalSection
	GlobalSection(ExtensibilityGlobals) = postSolution
		SolutionGuid = {92E950E0-DF06-43C1-9D2C-3379FED65BD6}
	EndGlobalSection
EndGlobal
